// !$*UTF8*$!
{
	archiveVersion = 1;
	classes = {
	};
	objectVersion = 46;
	objects = {

/* Begin PBXBuildFile section */
		1D3623260D0F684500981E51 /* HGMovingAnnotationSampleAppDelegate.m in Sources */ = {isa = PBXBuildFile; fileRef = 1D3623250D0F684500981E51 /* HGMovingAnnotationSampleAppDelegate.m */; };
		1D60589B0D05DD56006BFB54 /* main.m in Sources */ = {isa = PBXBuildFile; fileRef = 29B97316FDCFA39411CA2CEA /* main.m */; };
		1D60589F0D05DD5A006BFB54 /* Foundation.framework in Frameworks */ = {isa = PBXBuildFile; fileRef = 1D30AB110D05D00D00671497 /* Foundation.framework */; };
		1DF5F4E00D08C38300B7A737 /* UIKit.framework in Frameworks */ = {isa = PBXBuildFile; fileRef = 1DF5F4DF0D08C38300B7A737 /* UIKit.framework */; };
		288765A50DF7441C002DB57D /* CoreGraphics.framework in Frameworks */ = {isa = PBXBuildFile; fileRef = 288765A40DF7441C002DB57D /* CoreGraphics.framework */; };
		2899E5220DE3E06400AC0155 /* HGMovingAnnotationSampleViewController.xib in Resources */ = {isa = PBXBuildFile; fileRef = 2899E5210DE3E06400AC0155 /* HGMovingAnnotationSampleViewController.xib */; };
		28AD733F0D9D9553002E5188 /* MainWindow.xib in Resources */ = {isa = PBXBuildFile; fileRef = 28AD733E0D9D9553002E5188 /* MainWindow.xib */; };
		28D7ACF80DDB3853001CB0EB /* HGMovingAnnotationSampleViewController.m in Sources */ = {isa = PBXBuildFile; fileRef = 28D7ACF70DDB3853001CB0EB /* HGMovingAnnotationSampleViewController.m */; };
		5E84CEE3132E5A0400860C58 /* path.nmea in Resources */ = {isa = PBXBuildFile; fileRef = 5E84CEE2132E5A0400860C58 /* path.nmea */; };
		5E84CEE7132E5A2100860C58 /* symbol-moving-annotation.png in Resources */ = {isa = PBXBuildFile; fileRef = 5E84CEE5132E5A2100860C58 /* symbol-moving-annotation.png */; };
		5E84CEE8132E5A2100860C58 /* symbol-moving-annotation@2x.png in Resources */ = {isa = PBXBuildFile; fileRef = 5E84CEE6132E5A2100860C58 /* symbol-moving-annotation@2x.png */; };
		5EB32AE7132E269700C40E38 /* HGMovingAnnotationView.m in Sources */ = {isa = PBXBuildFile; fileRef = 5EB32AE6132E269700C40E38 /* HGMovingAnnotationView.m */; };
		5EB32AEA132E277700C40E38 /* HGMovingAnnotation.m in Sources */ = {isa = PBXBuildFile; fileRef = 5EB32AE9132E277700C40E38 /* HGMovingAnnotation.m */; };
		5EB32AFC132E2EF600C40E38 /* HGMapPath.m in Sources */ = {isa = PBXBuildFile; fileRef = 5EB32AFB132E2EF600C40E38 /* HGMapPath.m */; };
		5EB32B30132E407500C40E38 /* MapKit.framework in Frameworks */ = {isa = PBXBuildFile; fileRef = 5EB32B2F132E407500C40E38 /* MapKit.framework */; };
		5EB32B32132E408500C40E38 /* CoreLocation.framework in Frameworks */ = {isa = PBXBuildFile; fileRef = 5EB32B31132E408500C40E38 /* CoreLocation.framework */; };
		5EB32B36132E409B00C40E38 /* QuartzCore.framework in Frameworks */ = {isa = PBXBuildFile; fileRef = 5EB32B35132E409B00C40E38 /* QuartzCore.framework */; };
/* End PBXBuildFile section */

/* Begin PBXFileReference section */
		1D30AB110D05D00D00671497 /* Foundation.framework */ = {isa = PBXFileReference; lastKnownFileType = wrapper.framework; name = Foundation.framework; path = System/Library/Frameworks/Foundation.framework; sourceTree = SDKROOT; };
		1D3623240D0F684500981E51 /* HGMovingAnnotationSampleAppDelegate.h */ = {isa = PBXFileReference; fileEncoding = 4; lastKnownFileType = sourcecode.c.h; path = HGMovingAnnotationSampleAppDelegate.h; sourceTree = "<group>"; };
		1D3623250D0F684500981E51 /* HGMovingAnnotationSampleAppDelegate.m */ = {isa = PBXFileReference; fileEncoding = 4; lastKnownFileType = sourcecode.c.objc; path = HGMovingAnnotationSampleAppDelegate.m; sourceTree = "<group>"; };
		1D6058910D05DD3D006BFB54 /* HGMovingAnnotationSample.app */ = {isa = PBXFileReference; explicitFileType = wrapper.application; includeInIndex = 0; path = HGMovingAnnotationSample.app; sourceTree = BUILT_PRODUCTS_DIR; };
		1DF5F4DF0D08C38300B7A737 /* UIKit.framework */ = {isa = PBXFileReference; lastKnownFileType = wrapper.framework; name = UIKit.framework; path = System/Library/Frameworks/UIKit.framework; sourceTree = SDKROOT; };
		288765A40DF7441C002DB57D /* CoreGraphics.framework */ = {isa = PBXFileReference; lastKnownFileType = wrapper.framework; name = CoreGraphics.framework; path = System/Library/Frameworks/CoreGraphics.framework; sourceTree = SDKROOT; };
		2899E5210DE3E06400AC0155 /* HGMovingAnnotationSampleViewController.xib */ = {isa = PBXFileReference; lastKnownFileType = file.xib; path = HGMovingAnnotationSampleViewController.xib; sourceTree = "<group>"; };
		28AD733E0D9D9553002E5188 /* MainWindow.xib */ = {isa = PBXFileReference; lastKnownFileType = file.xib; path = MainWindow.xib; sourceTree = "<group>"; };
		28D7ACF60DDB3853001CB0EB /* HGMovingAnnotationSampleViewController.h */ = {isa = PBXFileReference; fileEncoding = 4; lastKnownFileType = sourcecode.c.h; path = HGMovingAnnotationSampleViewController.h; sourceTree = "<group>"; };
		28D7ACF70DDB3853001CB0EB /* HGMovingAnnotationSampleViewController.m */ = {isa = PBXFileReference; fileEncoding = 4; lastKnownFileType = sourcecode.c.objc; path = HGMovingAnnotationSampleViewController.m; sourceTree = "<group>"; };
		29B97316FDCFA39411CA2CEA /* main.m */ = {isa = PBXFileReference; fileEncoding = 4; lastKnownFileType = sourcecode.c.objc; path = main.m; sourceTree = "<group>"; };
		32CA4F630368D1EE00C91783 /* HGMovingAnnotationSample_Prefix.pch */ = {isa = PBXFileReference; fileEncoding = 4; lastKnownFileType = sourcecode.c.h; path = HGMovingAnnotationSample_Prefix.pch; sourceTree = "<group>"; };
		5E84CEE2132E5A0400860C58 /* path.nmea */ = {isa = PBXFileReference; fileEncoding = 4; lastKnownFileType = text; name = path.nmea; path = Resources/path.nmea; sourceTree = "<group>"; };
		5E84CEE5132E5A2100860C58 /* symbol-moving-annotation.png */ = {isa = PBXFileReference; lastKnownFileType = image.png; name = "symbol-moving-annotation.png"; path = "Resources/symbol-moving-annotation.png"; sourceTree = "<group>"; };
		5E84CEE6132E5A2100860C58 /* symbol-moving-annotation@2x.png */ = {isa = PBXFileReference; lastKnownFileType = image.png; name = "symbol-moving-annotation@2x.png"; path = "Resources/symbol-moving-annotation@2x.png"; sourceTree = "<group>"; };
		5EB32AE5132E269700C40E38 /* HGMovingAnnotationView.h */ = {isa = PBXFileReference; fileEncoding = 4; lastKnownFileType = sourcecode.c.h; path = HGMovingAnnotationView.h; sourceTree = "<group>"; };
		5EB32AE6132E269700C40E38 /* HGMovingAnnotationView.m */ = {isa = PBXFileReference; fileEncoding = 4; lastKnownFileType = sourcecode.c.objc; path = HGMovingAnnotationView.m; sourceTree = "<group>"; };
		5EB32AE8132E277700C40E38 /* HGMovingAnnotation.h */ = {isa = PBXFileReference; fileEncoding = 4; lastKnownFileType = sourcecode.c.h; path = HGMovingAnnotation.h; sourceTree = "<group>"; };
		5EB32AE9132E277700C40E38 /* HGMovingAnnotation.m */ = {isa = PBXFileReference; fileEncoding = 4; lastKnownFileType = sourcecode.c.objc; path = HGMovingAnnotation.m; sourceTree = "<group>"; };
		5EB32AFA132E2EF600C40E38 /* HGMapPath.h */ = {isa = PBXFileReference; fileEncoding = 4; lastKnownFileType = sourcecode.c.h; path = HGMapPath.h; sourceTree = "<group>"; };
		5EB32AFB132E2EF600C40E38 /* HGMapPath.m */ = {isa = PBXFileReference; fileEncoding = 4; lastKnownFileType = sourcecode.c.objc; path = HGMapPath.m; sourceTree = "<group>"; };
		5EB32B2F132E407500C40E38 /* MapKit.framework */ = {isa = PBXFileReference; lastKnownFileType = wrapper.framework; name = MapKit.framework; path = System/Library/Frameworks/MapKit.framework; sourceTree = SDKROOT; };
		5EB32B31132E408500C40E38 /* CoreLocation.framework */ = {isa = PBXFileReference; lastKnownFileType = wrapper.framework; name = CoreLocation.framework; path = System/Library/Frameworks/CoreLocation.framework; sourceTree = SDKROOT; };
		5EB32B35132E409B00C40E38 /* QuartzCore.framework */ = {isa = PBXFileReference; lastKnownFileType = wrapper.framework; name = QuartzCore.framework; path = System/Library/Frameworks/QuartzCore.framework; sourceTree = SDKROOT; };
		8D1107310486CEB800E47090 /* HGMovingAnnotationSample-Info.plist */ = {isa = PBXFileReference; fileEncoding = 4; lastKnownFileType = text.plist.xml; path = "HGMovingAnnotationSample-Info.plist"; plistStructureDefinitionIdentifier = "com.apple.xcode.plist.structure-definition.iphone.info-plist"; sourceTree = "<group>"; };
/* End PBXFileReference section */

/* Begin PBXFrameworksBuildPhase section */
		1D60588F0D05DD3D006BFB54 /* Frameworks */ = {
			isa = PBXFrameworksBuildPhase;
			buildActionMask = 2147483647;
			files = (
				1D60589F0D05DD5A006BFB54 /* Foundation.framework in Frameworks */,
				1DF5F4E00D08C38300B7A737 /* UIKit.framework in Frameworks */,
				288765A50DF7441C002DB57D /* CoreGraphics.framework in Frameworks */,
				5EB32B30132E407500C40E38 /* MapKit.framework in Frameworks */,
				5EB32B32132E408500C40E38 /* CoreLocation.framework in Frameworks */,
				5EB32B36132E409B00C40E38 /* QuartzCore.framework in Frameworks */,
			);
			runOnlyForDeploymentPostprocessing = 0;
		};
/* End PBXFrameworksBuildPhase section */

/* Begin PBXGroup section */
		080E96DDFE201D6D7F000001 /* Classes */ = {
			isa = PBXGroup;
			children = (
				5EB32AFA132E2EF600C40E38 /* HGMapPath.h */,
				5EB32AFB132E2EF600C40E38 /* HGMapPath.m */,
				5EB32AE8132E277700C40E38 /* HGMovingAnnotation.h */,
				5EB32AE9132E277700C40E38 /* HGMovingAnnotation.m */,
				5EB32AE5132E269700C40E38 /* HGMovingAnnotationView.h */,
				5EB32AE6132E269700C40E38 /* HGMovingAnnotationView.m */,
				1D3623240D0F684500981E51 /* HGMovingAnnotationSampleAppDelegate.h */,
				1D3623250D0F684500981E51 /* HGMovingAnnotationSampleAppDelegate.m */,
				28D7ACF60DDB3853001CB0EB /* HGMovingAnnotationSampleViewController.h */,
				28D7ACF70DDB3853001CB0EB /* HGMovingAnnotationSampleViewController.m */,
			);
			path = Classes;
			sourceTree = "<group>";
		};
		19C28FACFE9D520D11CA2CBB /* Products */ = {
			isa = PBXGroup;
			children = (
				1D6058910D05DD3D006BFB54 /* HGMovingAnnotationSample.app */,
			);
			name = Products;
			sourceTree = "<group>";
		};
		29B97314FDCFA39411CA2CEA /* CustomTemplate */ = {
			isa = PBXGroup;
			children = (
				080E96DDFE201D6D7F000001 /* Classes */,
				29B97315FDCFA39411CA2CEA /* Other Sources */,
				29B97317FDCFA39411CA2CEA /* Resources */,
				29B97323FDCFA39411CA2CEA /* Frameworks */,
				19C28FACFE9D520D11CA2CBB /* Products */,
			);
			name = CustomTemplate;
			sourceTree = "<group>";
		};
		29B97315FDCFA39411CA2CEA /* Other Sources */ = {
			isa = PBXGroup;
			children = (
				32CA4F630368D1EE00C91783 /* HGMovingAnnotationSample_Prefix.pch */,
				29B97316FDCFA39411CA2CEA /* main.m */,
			);
			name = "Other Sources";
			sourceTree = "<group>";
		};
		29B97317FDCFA39411CA2CEA /* Resources */ = {
			isa = PBXGroup;
			children = (
				5E84CEE5132E5A2100860C58 /* symbol-moving-annotation.png */,
				5E84CEE6132E5A2100860C58 /* symbol-moving-annotation@2x.png */,
				5E84CEE2132E5A0400860C58 /* path.nmea */,
				2899E5210DE3E06400AC0155 /* HGMovingAnnotationSampleViewController.xib */,
				28AD733E0D9D9553002E5188 /* MainWindow.xib */,
				8D1107310486CEB800E47090 /* HGMovingAnnotationSample-Info.plist */,
			);
			name = Resources;
			sourceTree = "<group>";
		};
		29B97323FDCFA39411CA2CEA /* Frameworks */ = {
			isa = PBXGroup;
			children = (
				1DF5F4DF0D08C38300B7A737 /* UIKit.framework */,
				1D30AB110D05D00D00671497 /* Foundation.framework */,
				288765A40DF7441C002DB57D /* CoreGraphics.framework */,
				5EB32B2F132E407500C40E38 /* MapKit.framework */,
				5EB32B31132E408500C40E38 /* CoreLocation.framework */,
				5EB32B35132E409B00C40E38 /* QuartzCore.framework */,
			);
			name = Frameworks;
			sourceTree = "<group>";
		};
/* End PBXGroup section */

/* Begin PBXNativeTarget section */
		1D6058900D05DD3D006BFB54 /* HGMovingAnnotationSample */ = {
			isa = PBXNativeTarget;
			buildConfigurationList = 1D6058960D05DD3E006BFB54 /* Build configuration list for PBXNativeTarget "HGMovingAnnotationSample" */;
			buildPhases = (
				1D60588D0D05DD3D006BFB54 /* Resources */,
				1D60588E0D05DD3D006BFB54 /* Sources */,
				1D60588F0D05DD3D006BFB54 /* Frameworks */,
			);
			buildRules = (
			);
			dependencies = (
			);
			name = HGMovingAnnotationSample;
			productName = HGMovingAnnotationSample;
			productReference = 1D6058910D05DD3D006BFB54 /* HGMovingAnnotationSample.app */;
			productType = "com.apple.product-type.application";
		};
/* End PBXNativeTarget section */

/* Begin PBXProject section */
		29B97313FDCFA39411CA2CEA /* Project object */ = {
			isa = PBXProject;
			attributes = {
				ORGANIZATIONNAME = "100 grams software";
			};
			buildConfigurationList = C01FCF4E08A954540054247B /* Build configuration list for PBXProject "HGMovingAnnotationSample" */;
			compatibilityVersion = "Xcode 3.2";
			developmentRegion = English;
			hasScannedForEncodings = 1;
			knownRegions = (
				English,
				Japanese,
				French,
				German,
			);
			mainGroup = 29B97314FDCFA39411CA2CEA /* CustomTemplate */;
			projectDirPath = "";
			projectRoot = "";
			targets = (
				1D6058900D05DD3D006BFB54 /* HGMovingAnnotationSample */,
			);
		};
/* End PBXProject section */

/* Begin PBXResourcesBuildPhase section */
		1D60588D0D05DD3D006BFB54 /* Resources */ = {
			isa = PBXResourcesBuildPhase;
			buildActionMask = 2147483647;
			files = (
				28AD733F0D9D9553002E5188 /* MainWindow.xib in Resources */,
				2899E5220DE3E06400AC0155 /* HGMovingAnnotationSampleViewController.xib in Resources */,
				5E84CEE3132E5A0400860C58 /* path.nmea in Resources */,
				5E84CEE7132E5A2100860C58 /* symbol-moving-annotation.png in Resources */,
				5E84CEE8132E5A2100860C58 /* symbol-moving-annotation@2x.png in Resources */,
			);
			runOnlyForDeploymentPostprocessing = 0;
		};
/* End PBXResourcesBuildPhase section */

/* Begin PBXSourcesBuildPhase section */
		1D60588E0D05DD3D006BFB54 /* Sources */ = {
			isa = PBXSourcesBuildPhase;
			buildActionMask = 2147483647;
			files = (
				1D60589B0D05DD56006BFB54 /* main.m in Sources */,
				1D3623260D0F684500981E51 /* HGMovingAnnotationSampleAppDelegate.m in Sources */,
				28D7ACF80DDB3853001CB0EB /* HGMovingAnnotationSampleViewController.m in Sources */,
				5EB32AE7132E269700C40E38 /* HGMovingAnnotationView.m in Sources */,
				5EB32AEA132E277700C40E38 /* HGMovingAnnotation.m in Sources */,
				5EB32AFC132E2EF600C40E38 /* HGMapPath.m in Sources */,
			);
			runOnlyForDeploymentPostprocessing = 0;
		};
/* End PBXSourcesBuildPhase section */

/* Begin XCBuildConfiguration section */
		1D6058940D05DD3E006BFB54 /* Debug */ = {
			isa = XCBuildConfiguration;
			buildSettings = {
				ALWAYS_SEARCH_USER_PATHS = NO;
				COPY_PHASE_STRIP = NO;
				GCC_DYNAMIC_NO_PIC = NO;
				GCC_OPTIMIZATION_LEVEL = 0;
				GCC_PRECOMPILE_PREFIX_HEADER = YES;
				GCC_PREFIX_HEADER = HGMovingAnnotationSample_Prefix.pch;
				INFOPLIST_FILE = "HGMovingAnnotationSample-Info.plist";
				PRODUCT_NAME = HGMovingAnnotationSample;
			};
			name = Debug;
		};
		1D6058950D05DD3E006BFB54 /* Release */ = {
			isa = XCBuildConfiguration;
			buildSettings = {
				ALWAYS_SEARCH_USER_PATHS = NO;
				COPY_PHASE_STRIP = YES;
				GCC_PRECOMPILE_PREFIX_HEADER = YES;
				GCC_PREFIX_HEADER = HGMovingAnnotationSample_Prefix.pch;
				INFOPLIST_FILE = "HGMovingAnnotationSample-Info.plist";
				PRODUCT_NAME = HGMovingAnnotationSample;
				VALIDATE_PRODUCT = YES;
			};
			name = Release;
		};
		C01FCF4F08A954540054247B /* Debug */ = {
			isa = XCBuildConfiguration;
			buildSettings = {
				ARCHS = "$(ARCHS_STANDARD_32_BIT)";
				"CODE_SIGN_IDENTITY[sdk=iphoneos*]" = "iPhone Developer";
				GCC_C_LANGUAGE_STANDARD = c99;
				GCC_WARN_ABOUT_RETURN_TYPE = YES;
				GCC_WARN_UNUSED_VARIABLE = YES;
				PREBINDING = NO;
				SDKROOT = iphoneos;
			};
			name = Debug;
		};
		C01FCF5008A954540054247B /* Release */ = {
			isa = XCBuildConfiguration;
			buildSettings = {
				ARCHS = "$(ARCHS_STANDARD_32_BIT)";
				"CODE_SIGN_IDENTITY[sdk=iphoneos*]" = "iPhone Developer";
				GCC_C_LANGUAGE_STANDARD = c99;
				GCC_WARN_ABOUT_RETURN_TYPE = YES;
				GCC_WARN_UNUSED_VARIABLE = YES;
				OTHER_CFLAGS = "-DNS_BLOCK_ASSERTIONS=1";
				PREBINDING = NO;
				SDKROOT = iphoneos;
			};
			name = Release;
		};
/* End XCBuildConfiguration section */

/* Begin XCConfigurationList section */
		1D6058960D05DD3E006BFB54 /* Build configuration list for PBXNativeTarget "HGMovingAnnotationSample" */ = {
			isa = XCConfigurationList;
			buildConfigurations = (
				1D6058940D05DD3E006BFB54 /* Debug */,
				1D6058950D05DD3E006BFB54 /* Release */,
			);
			defaultConfigurationIsVisible = 0;
			defaultConfigurationName = Release;
		};
		C01FCF4E08A954540054247B /* Build configuration list for PBXProject "HGMovingAnnotationSample" */ = {
			isa = XCConfigurationList;
			buildConfigurations = (
				C01FCF4F08A954540054247B /* Debug */,
				C01FCF5008A954540054247B /* Release */,
			);
			defaultConfigurationIsVisible = 0;
			defaultConfigurationName = Release;
		};
/* End XCConfigurationList section */
	};
	rootObject = 29B97313FDCFA39411CA2CEA /* Project object */;
}
